
Microsoft Visual Studio Solution File, Format Version 12.00
# Visual Studio Version 17
VisualStudioVersion = 17.0.31903.59
MinimumVisualStudioVersion = 10.0.40219.1
Project("{FAE04EC0-301F-11D3-BF4B-00C04F79EFBC}") = "API", "API\API.csproj", "{0A0BA30F-8C90-4734-B58C-68EB3E831F35}"
EndProject
Project("{FAE04EC0-301F-11D3-BF4B-00C04F79EFBC}") = "Core", "Core\Core.csproj", "{C4A1D631-83FD-4A2E-8DE7-71935669DC92}"
EndProject
Project("{FAE04EC0-301F-11D3-BF4B-00C04F79EFBC}") = "Infrastructure", "Infrastructure\Infrastructure.csproj", "{00E6521B-3927-4A12-993C-BCC3440FE3E6}"
EndProject
Global
	GlobalSection(SolutionConfigurationPlatforms) = preSolution
		Debug|Any CPU = Debug|Any CPU
		Release|Any CPU = Release|Any CPU
	EndGlobalSection
	GlobalSection(SolutionProperties) = preSolution
		HideSolutionNode = FALSE
	EndGlobalSection
	GlobalSection(ProjectConfigurationPlatforms) = postSolution
		{0A0BA30F-8C90-4734-B58C-68EB3E831F35}.Debug|Any CPU.ActiveCfg = Debug|Any CPU
		{0A0BA30F-8C90-4734-B58C-68EB3E831F35}.Debug|Any CPU.Build.0 = Debug|Any CPU
		{0A0BA30F-8C90-4734-B58C-68EB3E831F35}.Release|Any CPU.ActiveCfg = Release|Any CPU
		{0A0BA30F-8C90-4734-B58C-68EB3E831F35}.Release|Any CPU.Build.0 = Release|Any CPU
		{C4A1D631-83FD-4A2E-8DE7-71935669DC92}.Debug|Any CPU.ActiveCfg = Debug|Any CPU
		{C4A1D631-83FD-4A2E-8DE7-71935669DC92}.Debug|Any CPU.Build.0 = Debug|Any CPU
		{C4A1D631-83FD-4A2E-8DE7-71935669DC92}.Release|Any CPU.ActiveCfg = Release|Any CPU
		{C4A1D631-83FD-4A2E-8DE7-71935669DC92}.Release|Any CPU.Build.0 = Release|Any CPU
		{00E6521B-3927-4A12-993C-BCC3440FE3E6}.Debug|Any CPU.ActiveCfg = Debug|Any CPU
		{00E6521B-3927-4A12-993C-BCC3440FE3E6}.Debug|Any CPU.Build.0 = Debug|Any CPU
		{00E6521B-3927-4A12-993C-BCC3440FE3E6}.Release|Any CPU.ActiveCfg = Release|Any CPU
		{00E6521B-3927-4A12-993C-BCC3440FE3E6}.Release|Any CPU.Build.0 = Release|Any CPU
	EndGlobalSection
EndGlobal
